
Microsoft Visual Studio Solution File, Format Version 12.00
# Visual Studio 15
VisualStudioVersion = 15.0.28307.329
MinimumVisualStudioVersion = 10.0.40219.1
Project("{FAE04EC0-301F-11D3-BF4B-00C04F79EFBC}") = "acilistesti.Android", "acilistesti\acilistesti.Android\acilistesti.Android.csproj", "{B378856D-34BF-465E-A151-28CC6B863DA2}"
EndProject
Project("{FAE04EC0-301F-11D3-BF4B-00C04F79EFBC}") = "acilistesti.iOS", "acilistesti\acilistesti.iOS\acilistesti.iOS.csproj", "{1290B38B-46C5-42BB-BCB2-2E51B499C73E}"
EndProject
Project("{FAE04EC0-301F-11D3-BF4B-00C04F79EFBC}") = "acilistesti", "acilistesti\acilistesti\acilistesti.csproj", "{033EDD8A-1408-489E-8ED7-46FEECAD89D2}"
EndProject
Global
	GlobalSection(SolutionConfigurationPlatforms) = preSolution
		Ad-Hoc|Any CPU = Ad-Hoc|Any CPU
		Ad-Hoc|iPhone = Ad-Hoc|iPhone
		Ad-Hoc|iPhoneSimulator = Ad-Hoc|iPhoneSimulator
		AppStore|Any CPU = AppStore|Any CPU
		AppStore|iPhone = AppStore|iPhone
		AppStore|iPhoneSimulator = AppStore|iPhoneSimulator
		Debug|Any CPU = Debug|Any CPU
		Debug|iPhone = Debug|iPhone
		Debug|iPhoneSimulator = Debug|iPhoneSimulator
		Release|Any CPU = Release|Any CPU
		Release|iPhone = Release|iPhone
		Release|iPhoneSimulator = Release|iPhoneSimulator
	EndGlobalSection
	GlobalSection(ProjectConfigurationPlatforms) = postSolution
		{B378856D-34BF-465E-A151-28CC6B863DA2}.Ad-Hoc|Any CPU.ActiveCfg = Release|Any CPU
		{B378856D-34BF-465E-A151-28CC6B863DA2}.Ad-Hoc|Any CPU.Build.0 = Release|Any CPU
		{B378856D-34BF-465E-A151-28CC6B863DA2}.Ad-Hoc|Any CPU.Deploy.0 = Release|Any CPU
		{B378856D-34BF-465E-A151-28CC6B863DA2}.Ad-Hoc|iPhone.ActiveCfg = Release|Any CPU
		{B378856D-34BF-465E-A151-28CC6B863DA2}.Ad-Hoc|iPhone.Build.0 = Release|Any CPU
		{B378856D-34BF-465E-A151-28CC6B863DA2}.Ad-Hoc|iPhone.Deploy.0 = Release|Any CPU
		{B378856D-34BF-465E-A151-28CC6B863DA2}.Ad-Hoc|iPhoneSimulator.ActiveCfg = Release|Any CPU
		{B378856D-34BF-465E-A151-28CC6B863DA2}.Ad-Hoc|iPhoneSimulator.Build.0 = Release|Any CPU
		{B378856D-34BF-465E-A151-28CC6B863DA2}.Ad-Hoc|iPhoneSimulator.Deploy.0 = Release|Any CPU
		{B378856D-34BF-465E-A151-28CC6B863DA2}.AppStore|Any CPU.ActiveCfg = Release|Any CPU
		{B378856D-34BF-465E-A151-28CC6B863DA2}.AppStore|Any CPU.Build.0 = Release|Any CPU
		{B378856D-34BF-465E-A151-28CC6B863DA2}.AppStore|Any CPU.Deploy.0 = Release|Any CPU
		{B378856D-34BF-465E-A151-28CC6B863DA2}.AppStore|iPhone.ActiveCfg = Release|Any CPU
		{B378856D-34BF-465E-A151-28CC6B863DA2}.AppStore|iPhone.Build.0 = Release|Any CPU
		{B378856D-34BF-465E-A151-28CC6B863DA2}.AppStore|iPhone.Deploy.0 = Release|Any CPU
		{B378856D-34BF-465E-A151-28CC6B863DA2}.AppStore|iPhoneSimulator.ActiveCfg = Release|Any CPU
		{B378856D-34BF-465E-A151-28CC6B863DA2}.AppStore|iPhoneSimulator.Build.0 = Release|Any CPU
		{B378856D-34BF-465E-A151-28CC6B863DA2}.AppStore|iPhoneSimulator.Deploy.0 = Release|Any CPU
		{B378856D-34BF-465E-A151-28CC6B863DA2}.Debug|Any CPU.ActiveCfg = Debug|Any CPU
		{B378856D-34BF-465E-A151-28CC6B863DA2}.Debug|Any CPU.Build.0 = Debug|Any CPU
		{B378856D-34BF-465E-A151-28CC6B863DA2}.Debug|Any CPU.Deploy.0 = Debug|Any CPU
		{B378856D-34BF-465E-A151-28CC6B863DA2}.Debug|iPhone.ActiveCfg = Debug|Any CPU
		{B378856D-34BF-465E-A151-28CC6B863DA2}.Debug|iPhone.Build.0 = Debug|Any CPU
		{B378856D-34BF-465E-A151-28CC6B863DA2}.Debug|iPhone.Deploy.0 = Debug|Any CPU
		{B378856D-34BF-465E-A151-28CC6B863DA2}.Debug|iPhoneSimulator.ActiveCfg = Debug|Any CPU
		{B378856D-34BF-465E-A151-28CC6B863DA2}.Debug|iPhoneSimulator.Build.0 = Debug|Any CPU
		{B378856D-34BF-465E-A151-28CC6B863DA2}.Debug|iPhoneSimulator.Deploy.0 = Debug|Any CPU
		{B378856D-34BF-465E-A151-28CC6B863DA2}.Release|Any CPU.ActiveCfg = Release|Any CPU
		{B378856D-34BF-465E-A151-28CC6B863DA2}.Release|Any CPU.Build.0 = Release|Any CPU
		{B378856D-34BF-465E-A151-28CC6B863DA2}.Release|Any CPU.Deploy.0 = Release|Any CPU
		{B378856D-34BF-465E-A151-28CC6B863DA2}.Release|iPhone.ActiveCfg = Release|Any CPU
		{B378856D-34BF-465E-A151-28CC6B863DA2}.Release|iPhone.Build.0 = Release|Any CPU
		{B378856D-34BF-465E-A151-28CC6B863DA2}.Release|iPhone.Deploy.0 = Release|Any CPU
		{B378856D-34BF-465E-A151-28CC6B863DA2}.Release|iPhoneSimulator.ActiveCfg = Release|Any CPU
		{B378856D-34BF-465E-A151-28CC6B863DA2}.Release|iPhoneSimulator.Build.0 = Release|Any CPU
		{B378856D-34BF-465E-A151-28CC6B863DA2}.Release|iPhoneSimulator.Deploy.0 = Release|Any CPU
		{1290B38B-46C5-42BB-BCB2-2E51B499C73E}.Ad-Hoc|Any CPU.ActiveCfg = Ad-Hoc|iPhone
		{1290B38B-46C5-42BB-BCB2-2E51B499C73E}.Ad-Hoc|Any CPU.Build.0 = Ad-Hoc|iPhone
		{1290B38B-46C5-42BB-BCB2-2E51B499C73E}.Ad-Hoc|Any CPU.Deploy.0 = Ad-Hoc|iPhone
		{1290B38B-46C5-42BB-BCB2-2E51B499C73E}.Ad-Hoc|iPhone.ActiveCfg = Ad-Hoc|iPhone
		{1290B38B-46C5-42BB-BCB2-2E51B499C73E}.Ad-Hoc|iPhone.Build.0 = Ad-Hoc|iPhone
		{1290B38B-46C5-42BB-BCB2-2E51B499C73E}.Ad-Hoc|iPhone.Deploy.0 = Ad-Hoc|iPhone
		{1290B38B-46C5-42BB-BCB2-2E51B499C73E}.Ad-Hoc|iPhoneSimulator.ActiveCfg = Ad-Hoc|iPhoneSimulator
		{1290B38B-46C5-42BB-BCB2-2E51B499C73E}.Ad-Hoc|iPhoneSimulator.Build.0 = Ad-Hoc|iPhoneSimulator
		{1290B38B-46C5-42BB-BCB2-2E51B499C73E}.Ad-Hoc|iPhoneSimulator.Deploy.0 = Ad-Hoc|iPhoneSimulator
		{1290B38B-46C5-42BB-BCB2-2E51B499C73E}.AppStore|Any CPU.ActiveCfg = AppStore|iPhone
		{1290B38B-46C5-42BB-BCB2-2E51B499C73E}.AppStore|Any CPU.Build.0 = AppStore|iPhone
		{1290B38B-46C5-42BB-BCB2-2E51B499C73E}.AppStore|Any CPU.Deploy.0 = AppStore|iPhone
		{1290B38B-46C5-42BB-BCB2-2E51B499C73E}.AppStore|iPhone.ActiveCfg = AppStore|iPhone
		{1290B38B-46C5-42BB-BCB2-2E51B499C73E}.AppStore|iPhone.Build.0 = AppStore|iPhone
		{1290B38B-46C5-42BB-BCB2-2E51B499C73E}.AppStore|iPhone.Deploy.0 = AppStore|iPhone
		{1290B38B-46C5-42BB-BCB2-2E51B499C73E}.AppStore|iPhoneSimulator.ActiveCfg = AppStore|iPhoneSimulator
		{1290B38B-46C5-42BB-BCB2-2E51B499C73E}.AppStore|iPhoneSimulator.Build.0 = AppStore|iPhoneSimulator
		{1290B38B-46C5-42BB-BCB2-2E51B499C73E}.AppStore|iPhoneSimulator.Deploy.0 = AppStore|iPhoneSimulator
		{1290B38B-46C5-42BB-BCB2-2E51B499C73E}.Debug|Any CPU.ActiveCfg = Debug|iPhoneSimulator
		{1290B38B-46C5-42BB-BCB2-2E51B499C73E}.Debug|Any CPU.Build.0 = Debug|iPhoneSimulator
		{1290B38B-46C5-42BB-BCB2-2E51B499C73E}.Debug|Any CPU.Deploy.0 = Debug|iPhoneSimulator
		{1290B38B-46C5-42BB-BCB2-2E51B499C73E}.Debug|iPhone.ActiveCfg = Debug|iPhone
		{1290B38B-46C5-42BB-BCB2-2E51B499C73E}.Debug|iPhone.Build.0 = Debug|iPhone
		{1290B38B-46C5-42BB-BCB2-2E51B499C73E}.Debug|iPhone.Deploy.0 = Debug|iPhone
		{1290B38B-46C5-42BB-BCB2-2E51B499C73E}.Debug|iPhoneSimulator.ActiveCfg = Debug|iPhoneSimulator
		{1290B38B-46C5-42BB-BCB2-2E51B499C73E}.Debug|iPhoneSimulator.Build.0 = Debug|iPhoneSimulator
		{1290B38B-46C5-42BB-BCB2-2E51B499C73E}.Debug|iPhoneSimulator.Deploy.0 = Debug|iPhoneSimulator
		{1290B38B-46C5-42BB-BCB2-2E51B499C73E}.Release|Any CPU.ActiveCfg = Release|iPhone
		{1290B38B-46C5-42BB-BCB2-2E51B499C73E}.Release|Any CPU.Build.0 = Release|iPhone
		{1290B38B-46C5-42BB-BCB2-2E51B499C73E}.Release|Any CPU.Deploy.0 = Release|iPhone
		{1290B38B-46C5-42BB-BCB2-2E51B499C73E}.Release|iPhone.ActiveCfg = Release|iPhone
		{1290B38B-46C5-42BB-BCB2-2E51B499C73E}.Release|iPhone.Build.0 = Release|iPhone
		{1290B38B-46C5-42BB-BCB2-2E51B499C73E}.Release|iPhone.Deploy.0 = Release|iPhone
		{1290B38B-46C5-42BB-BCB2-2E51B499C73E}.Release|iPhoneSimulator.ActiveCfg = Release|iPhoneSimulator
		{1290B38B-46C5-42BB-BCB2-2E51B499C73E}.Release|iPhoneSimulator.Build.0 = Release|iPhoneSimulator
		{1290B38B-46C5-42BB-BCB2-2E51B499C73E}.Release|iPhoneSimulator.Deploy.0 = Release|iPhoneSimulator
		{033EDD8A-1408-489E-8ED7-46FEECAD89D2}.Ad-Hoc|Any CPU.ActiveCfg = Debug|Any CPU
		{033EDD8A-1408-489E-8ED7-46FEECAD89D2}.Ad-Hoc|Any CPU.Build.0 = Debug|Any CPU
		{033EDD8A-1408-489E-8ED7-46FEECAD89D2}.Ad-Hoc|Any CPU.Deploy.0 = Debug|Any CPU
		{033EDD8A-1408-489E-8ED7-46FEECAD89D2}.Ad-Hoc|iPhone.ActiveCfg = Debug|Any CPU
		{033EDD8A-1408-489E-8ED7-46FEECAD89D2}.Ad-Hoc|iPhone.Build.0 = Debug|Any CPU
		{033EDD8A-1408-489E-8ED7-46FEECAD89D2}.Ad-Hoc|iPhone.Deploy.0 = Debug|Any CPU
		{033EDD8A-1408-489E-8ED7-46FEECAD89D2}.Ad-Hoc|iPhoneSimulator.ActiveCfg = Debug|Any CPU
		{033EDD8A-1408-489E-8ED7-46FEECAD89D2}.Ad-Hoc|iPhoneSimulator.Build.0 = Debug|Any CPU
		{033EDD8A-1408-489E-8ED7-46FEECAD89D2}.Ad-Hoc|iPhoneSimulator.Deploy.0 = Debug|Any CPU
		{033EDD8A-1408-489E-8ED7-46FEECAD89D2}.AppStore|Any CPU.ActiveCfg = Debug|Any CPU
		{033EDD8A-1408-489E-8ED7-46FEECAD89D2}.AppStore|Any CPU.Build.0 = Debug|Any CPU
		{033EDD8A-1408-489E-8ED7-46FEECAD89D2}.AppStore|Any CPU.Deploy.0 = Debug|Any CPU
		{033EDD8A-1408-489E-8ED7-46FEECAD89D2}.AppStore|iPhone.ActiveCfg = Debug|Any CPU
		{033EDD8A-1408-489E-8ED7-46FEECAD89D2}.AppStore|iPhone.Build.0 = Debug|Any CPU
		{033EDD8A-1408-489E-8ED7-46FEECAD89D2}.AppStore|iPhone.Deploy.0 = Debug|Any CPU
		{033EDD8A-1408-489E-8ED7-46FEECAD89D2}.AppStore|iPhoneSimulator.ActiveCfg = Debug|Any CPU
		{033EDD8A-1408-489E-8ED7-46FEECAD89D2}.AppStore|iPhoneSimulator.Build.0 = Debug|Any CPU
		{033EDD8A-1408-489E-8ED7-46FEECAD89D2}.AppStore|iPhoneSimulator.Deploy.0 = Debug|Any CPU
		{033EDD8A-1408-489E-8ED7-46FEECAD89D2}.Debug|Any CPU.ActiveCfg = Debug|Any CPU
		{033EDD8A-1408-489E-8ED7-46FEECAD89D2}.Debug|Any CPU.Build.0 = Debug|Any CPU
		{033EDD8A-1408-489E-8ED7-46FEECAD89D2}.Debug|Any CPU.Deploy.0 = Debug|Any CPU
		{033EDD8A-1408-489E-8ED7-46FEECAD89D2}.Debug|iPhone.ActiveCfg = Debug|Any CPU
		{033EDD8A-1408-489E-8ED7-46FEECAD89D2}.Debug|iPhone.Build.0 = Debug|Any CPU
		{033EDD8A-1408-489E-8ED7-46FEECAD89D2}.Debug|iPhone.Deploy.0 = Debug|Any CPU
		{033EDD8A-1408-489E-8ED7-46FEECAD89D2}.Debug|iPhoneSimulator.ActiveCfg = Debug|Any CPU
		{033EDD8A-1408-489E-8ED7-46FEECAD89D2}.Debug|iPhoneSimulator.Build.0 = Debug|Any CPU
		{033EDD8A-1408-489E-8ED7-46FEECAD89D2}.Debug|iPhoneSimulator.Deploy.0 = Debug|Any CPU
		{033EDD8A-1408-489E-8ED7-46FEECAD89D2}.Release|Any CPU.ActiveCfg = Release|Any CPU
		{033EDD8A-1408-489E-8ED7-46FEECAD89D2}.Release|Any CPU.Build.0 = Release|Any CPU
		{033EDD8A-1408-489E-8ED7-46FEECAD89D2}.Release|Any CPU.Deploy.0 = Release|Any CPU
		{033EDD8A-1408-489E-8ED7-46FEECAD89D2}.Release|iPhone.ActiveCfg = Release|Any CPU
		{033EDD8A-1408-489E-8ED7-46FEECAD89D2}.Release|iPhone.Build.0 = Release|Any CPU
		{033EDD8A-1408-489E-8ED7-46FEECAD89D2}.Release|iPhone.Deploy.0 = Release|Any CPU
		{033EDD8A-1408-489E-8ED7-46FEECAD89D2}.Release|iPhoneSimulator.ActiveCfg = Release|Any CPU
		{033EDD8A-1408-489E-8ED7-46FEECAD89D2}.Release|iPhoneSimulator.Build.0 = Release|Any CPU
		{033EDD8A-1408-489E-8ED7-46FEECAD89D2}.Release|iPhoneSimulator.Deploy.0 = Release|Any CPU
	EndGlobalSection
	GlobalSection(SolutionProperties) = preSolution
		HideSolutionNode = FALSE
	EndGlobalSection
	GlobalSection(ExtensibilityGlobals) = postSolution
		SolutionGuid = {F97AE66F-F19B-4B83-B1DF-E409958DC666}
	EndGlobalSection
EndGlobal
